PODS:
  - AVOSCloud (3.3.1)
  - UMengSocial (5.0)

DEPENDENCIES:
  - AVOSCloud
  - UMengSocial

SPEC CHECKSUMS:
  AVOSCloud: ce999e21da976f78c4eda53243699b634891d42d
  UMengSocial: 48b67179c492a8cf7803fbb0438b8f55432e2fc1

PODFILE CHECKSUM: 116e163257f6d9577a89d819147c14c88c9ad9f1

COCOAPODS: 1.0.0
