// !$*UTF8*$!
{
	archiveVersion = 1;
	classes = {
	};
	objectVersion = 46;
	objects = {

/* Begin PBXBuildFile section */
		31B8E3279AC5A7274B44CF4A /* Pods_thatDay.framework in Frameworks */ = {isa = PBXBuildFile; fileRef = 525C848648F136908A6200ED /* Pods_thatDay.framework */; };
		3A01E7D21CCF8F490012A656 /* NewEventViewController.swift in Sources */ = {isa = PBXBuildFile; fileRef = 3A01E7D11CCF8F490012A656 /* NewEventViewController.swift */; };
		3A03A5481CE329D9003083B1 /* ZDCoreDataManager+Extension.swift in Sources */ = {isa = PBXBuildFile; fileRef = 3A03A5471CE329D9003083B1 /* ZDCoreDataManager+Extension.swift */; };
		3A03A54A1CE33770003083B1 /* Person.swift in Sources */ = {isa = PBXBuildFile; fileRef = 3A03A5491CE33770003083B1 /* Person.swift */; };
		3A332EF01CCDC30A00B60F25 /* Home.Storyboard in Resources */ = {isa = PBXBuildFile; fileRef = 3A332EEF1CCDC30A00B60F25 /* Home.Storyboard */; };
		3A332EF21CCDCBAC00B60F25 /* ZDTableViewCell.swift in Sources */ = {isa = PBXBuildFile; fileRef = 3A332EF11CCDCBAC00B60F25 /* ZDTableViewCell.swift */; };
		3A8C830F1CE2DA0300521EC1 /* ZDCoreDataManager.swift in Sources */ = {isa = PBXBuildFile; fileRef = 3A8C830E1CE2DA0300521EC1 /* ZDCoreDataManager.swift */; };
		3A8C83121CE2DA7000521EC1 /* coredata.xcdatamodeld in Sources */ = {isa = PBXBuildFile; fileRef = 3A8C83101CE2DA7000521EC1 /* coredata.xcdatamodeld */; };
		3A8C831F1CE2ECAE00521EC1 /* EventViewModel.swift in Sources */ = {isa = PBXBuildFile; fileRef = 3A8C831E1CE2ECAE00521EC1 /* EventViewModel.swift */; };
		3A95D4B01CD24F860033B62C /* TestViewController.swift in Sources */ = {isa = PBXBuildFile; fileRef = 3A95D4AF1CD24F860033B62C /* TestViewController.swift */; };
		3AF9E71A1CCDBC4F0099F5C2 /* AppDelegate.swift in Sources */ = {isa = PBXBuildFile; fileRef = 3AF9E7191CCDBC4F0099F5C2 /* AppDelegate.swift */; };
		3AF9E71C1CCDBC4F0099F5C2 /* ViewController.swift in Sources */ = {isa = PBXBuildFile; fileRef = 3AF9E71B1CCDBC4F0099F5C2 /* ViewController.swift */; };
		3AF9E71F1CCDBC4F0099F5C2 /* Main.storyboard in Resources */ = {isa = PBXBuildFile; fileRef = 3AF9E71D1CCDBC4F0099F5C2 /* Main.storyboard */; };
		3AF9E7211CCDBC4F0099F5C2 /* Assets.xcassets in Resources */ = {isa = PBXBuildFile; fileRef = 3AF9E7201CCDBC4F0099F5C2 /* Assets.xcassets */; };
		3AF9E7241CCDBC4F0099F5C2 /* LaunchScreen.storyboard in Resources */ = {isa = PBXBuildFile; fileRef = 3AF9E7221CCDBC4F0099F5C2 /* LaunchScreen.storyboard */; };
		3AF9E72E1CCDBFC50099F5C2 /* ZDTabbarController.swift in Sources */ = {isa = PBXBuildFile; fileRef = 3AF9E72D1CCDBFC50099F5C2 /* ZDTabbarController.swift */; };
		3AF9E7301CCDBFE40099F5C2 /* HomeViewController.swift in Sources */ = {isa = PBXBuildFile; fileRef = 3AF9E72F1CCDBFE40099F5C2 /* HomeViewController.swift */; };
		3AF9E7321CCDBFFC0099F5C2 /* ProfileViewController.swift in Sources */ = {isa = PBXBuildFile; fileRef = 3AF9E7311CCDBFFC0099F5C2 /* ProfileViewController.swift */; };
		3AFBD9CC1CDB74E80006F941 /* Security.framework in Frameworks */ = {isa = PBXBuildFile; fileRef = 3AFBD9CB1CDB74E80006F941 /* Security.framework */; };
		3AFBD9CE1CDB74F50006F941 /* libiconv.tbd in Frameworks */ = {isa = PBXBuildFile; fileRef = 3AFBD9CD1CDB74F50006F941 /* libiconv.tbd */; };
		3AFBD9D01CDB74FF0006F941 /* SystemConfiguration.framework in Frameworks */ = {isa = PBXBuildFile; fileRef = 3AFBD9CF1CDB74FF0006F941 /* SystemConfiguration.framework */; };
		3AFBD9D21CDB75090006F941 /* CoreGraphics.framework in Frameworks */ = {isa = PBXBuildFile; fileRef = 3AFBD9D11CDB75090006F941 /* CoreGraphics.framework */; };
		3AFBD9D41CDB751A0006F941 /* libsqlite3.tbd in Frameworks */ = {isa = PBXBuildFile; fileRef = 3AFBD9D31CDB751A0006F941 /* libsqlite3.tbd */; };
		3AFBD9D61CDB75250006F941 /* CoreTelephony.framework in Frameworks */ = {isa = PBXBuildFile; fileRef = 3AFBD9D51CDB75250006F941 /* CoreTelephony.framework */; };
		3AFBD9D81CDB75300006F941 /* libstdc++.tbd in Frameworks */ = {isa = PBXBuildFile; fileRef = 3AFBD9D71CDB75300006F941 /* libstdc++.tbd */; };
		3AFBD9DA1CDB753B0006F941 /* libz.tbd in Frameworks */ = {isa = PBXBuildFile; fileRef = 3AFBD9D91CDB753B0006F941 /* libz.tbd */; };
		91182E491D153162001B46B8 /* ZDNetworking+weibo.swift in Sources */ = {isa = PBXBuildFile; fileRef = 91182E481D153162001B46B8 /* ZDNetworking+weibo.swift */; };
		91182E4B1D1542E2001B46B8 /* userAccount.swift in Sources */ = {isa = PBXBuildFile; fileRef = 91182E4A1D1542E2001B46B8 /* userAccount.swift */; };
		91182E4D1D1596CE001B46B8 /* LoginView.swift in Sources */ = {isa = PBXBuildFile; fileRef = 91182E4C1D1596CE001B46B8 /* LoginView.swift */; };
		918774081D179717009C1445 /* icon.png in Resources */ = {isa = PBXBuildFile; fileRef = 918774071D179717009C1445 /* icon.png */; };
		919616BA1D0D67B20074E419 /* ZDLoginViewController.swift in Sources */ = {isa = PBXBuildFile; fileRef = 919616B91D0D67B20074E419 /* ZDLoginViewController.swift */; };
		919616BD1D0D6D7A0074E419 /* UILabel+Extension.swift in Sources */ = {isa = PBXBuildFile; fileRef = 919616BC1D0D6D7A0074E419 /* UILabel+Extension.swift */; };
		919616BF1D0D7EFB0074E419 /* UITextField+Extension.swift in Sources */ = {isa = PBXBuildFile; fileRef = 919616BE1D0D7EFB0074E419 /* UITextField+Extension.swift */; };
		91A6584B1D09071400FBE179 /* ZDAVSCloudManager.swift in Sources */ = {isa = PBXBuildFile; fileRef = 91A6584A1D09071400FBE179 /* ZDAVSCloudManager.swift */; };
		91A6584E1D09195100FBE179 /* ZDEventModel+CoreDataProperties.swift in Sources */ = {isa = PBXBuildFile; fileRef = 91A6584C1D09195100FBE179 /* ZDEventModel+CoreDataProperties.swift */; };
		91A6584F1D09195100FBE179 /* ZDEventModel.swift in Sources */ = {isa = PBXBuildFile; fileRef = 91A6584D1D09195100FBE179 /* ZDEventModel.swift */; };
		91A658511D092DC700FBE179 /* ZDNetworking.swift in Sources */ = {isa = PBXBuildFile; fileRef = 91A658501D092DC700FBE179 /* ZDNetworking.swift */; };
		91A8659A1D042E6A00660CAC /* ddViewController.m in Sources */ = {isa = PBXBuildFile; fileRef = 91A865991D042E6A00660CAC /* ddViewController.m */; };
/* End PBXBuildFile section */

/* Begin PBXFileReference section */
		3A01E7D11CCF8F490012A656 /* NewEventViewController.swift */ = {isa = PBXFileReference; fileEncoding = 4; lastKnownFileType = sourcecode.swift; path = NewEventViewController.swift; sourceTree = "<group>"; };
		3A024C3C1CDA31C1003BF88D /* thatDay-Bridging-Header.h */ = {isa = PBXFileReference; lastKnownFileType = sourcecode.c.h; path = "thatDay-Bridging-Header.h"; sourceTree = "<group>"; };
		3A03A5471CE329D9003083B1 /* ZDCoreDataManager+Extension.swift */ = {isa = PBXFileReference; fileEncoding = 4; lastKnownFileType = sourcecode.swift; path = "ZDCoreDataManager+Extension.swift"; sourceTree = "<group>"; };
		3A03A5491CE33770003083B1 /* Person.swift */ = {isa = PBXFileReference; fileEncoding = 4; lastKnownFileType = sourcecode.swift; path = Person.swift; sourceTree = "<group>"; };
		3A332EEF1CCDC30A00B60F25 /* Home.Storyboard */ = {isa = PBXFileReference; fileEncoding = 4; lastKnownFileType = file.storyboard; path = Home.Storyboard; sourceTree = "<group>"; };
		3A332EF11CCDCBAC00B60F25 /* ZDTableViewCell.swift */ = {isa = PBXFileReference; fileEncoding = 4; lastKnownFileType = sourcecode.swift; path = ZDTableViewCell.swift; sourceTree = "<group>"; };
		3A8C830E1CE2DA0300521EC1 /* ZDCoreDataManager.swift */ = {isa = PBXFileReference; fileEncoding = 4; lastKnownFileType = sourcecode.swift; path = ZDCoreDataManager.swift; sourceTree = "<group>"; };
		3A8C83111CE2DA7000521EC1 /* coredata.xcdatamodel */ = {isa = PBXFileReference; lastKnownFileType = wrapper.xcdatamodel; path = coredata.xcdatamodel; sourceTree = "<group>"; };
		3A8C831E1CE2ECAE00521EC1 /* EventViewModel.swift */ = {isa = PBXFileReference; fileEncoding = 4; lastKnownFileType = sourcecode.swift; path = EventViewModel.swift; sourceTree = "<group>"; };
		3A95D4AF1CD24F860033B62C /* TestViewController.swift */ = {isa = PBXFileReference; fileEncoding = 4; lastKnownFileType = sourcecode.swift; path = TestViewController.swift; sourceTree = "<group>"; };
		3AF9E7161CCDBC4F0099F5C2 /* thatDay.app */ = {isa = PBXFileReference; explicitFileType = wrapper.application; includeInIndex = 0; path = thatDay.app; sourceTree = BUILT_PRODUCTS_DIR; };
		3AF9E7191CCDBC4F0099F5C2 /* AppDelegate.swift */ = {isa = PBXFileReference; lastKnownFileType = sourcecode.swift; path = AppDelegate.swift; sourceTree = "<group>"; };
		3AF9E71B1CCDBC4F0099F5C2 /* ViewController.swift */ = {isa = PBXFileReference; lastKnownFileType = sourcecode.swift; path = ViewController.swift; sourceTree = "<group>"; };
		3AF9E71E1CCDBC4F0099F5C2 /* Base */ = {isa = PBXFileReference; lastKnownFileType = file.storyboard; name = Base; path = Base.lproj/Main.storyboard; sourceTree = "<group>"; };
		3AF9E7201CCDBC4F0099F5C2 /* Assets.xcassets */ = {isa = PBXFileReference; lastKnownFileType = folder.assetcatalog; path = Assets.xcassets; sourceTree = "<group>"; };
		3AF9E7231CCDBC4F0099F5C2 /* Base */ = {isa = PBXFileReference; lastKnownFileType = file.storyboard; name = Base; path = Base.lproj/LaunchScreen.storyboard; sourceTree = "<group>"; };
		3AF9E7251CCDBC4F0099F5C2 /* Info.plist */ = {isa = PBXFileReference; lastKnownFileType = text.plist.xml; path = Info.plist; sourceTree = "<group>"; };
		3AF9E72D1CCDBFC50099F5C2 /* ZDTabbarController.swift */ = {isa = PBXFileReference; fileEncoding = 4; lastKnownFileType = sourcecode.swift; path = ZDTabbarController.swift; sourceTree = "<group>"; };
		3AF9E72F1CCDBFE40099F5C2 /* HomeViewController.swift */ = {isa = PBXFileReference; fileEncoding = 4; lastKnownFileType = sourcecode.swift; path = HomeViewController.swift; sourceTree = "<group>"; };
		3AF9E7311CCDBFFC0099F5C2 /* ProfileViewController.swift */ = {isa = PBXFileReference; fileEncoding = 4; lastKnownFileType = sourcecode.swift; name = ProfileViewController.swift; path = ../ProfileViewController.swift; sourceTree = "<group>"; };
		3AFBD9CB1CDB74E80006F941 /* Security.framework */ = {isa = PBXFileReference; lastKnownFileType = wrapper.framework; name = Security.framework; path = System/Library/Frameworks/Security.framework; sourceTree = SDKROOT; };
		3AFBD9CD1CDB74F50006F941 /* libiconv.tbd */ = {isa = PBXFileReference; lastKnownFileType = "sourcecode.text-based-dylib-definition"; name = libiconv.tbd; path = usr/lib/libiconv.tbd; sourceTree = SDKROOT; };
		3AFBD9CF1CDB74FF0006F941 /* SystemConfiguration.framework */ = {isa = PBXFileReference; lastKnownFileType = wrapper.framework; name = SystemConfiguration.framework; path = System/Library/Frameworks/SystemConfiguration.framework; sourceTree = SDKROOT; };
		3AFBD9D11CDB75090006F941 /* CoreGraphics.framework */ = {isa = PBXFileReference; lastKnownFileType = wrapper.framework; name = CoreGraphics.framework; path = System/Library/Frameworks/CoreGraphics.framework; sourceTree = SDKROOT; };
		3AFBD9D31CDB751A0006F941 /* libsqlite3.tbd */ = {isa = PBXFileReference; lastKnownFileType = "sourcecode.text-based-dylib-definition"; name = libsqlite3.tbd; path = usr/lib/libsqlite3.tbd; sourceTree = SDKROOT; };
		3AFBD9D51CDB75250006F941 /* CoreTelephony.framework */ = {isa = PBXFileReference; lastKnownFileType = wrapper.framework; name = CoreTelephony.framework; path = System/Library/Frameworks/CoreTelephony.framework; sourceTree = SDKROOT; };
		3AFBD9D71CDB75300006F941 /* libstdc++.tbd */ = {isa = PBXFileReference; lastKnownFileType = "sourcecode.text-based-dylib-definition"; name = "libstdc++.tbd"; path = "usr/lib/libstdc++.tbd"; sourceTree = SDKROOT; };
		3AFBD9D91CDB753B0006F941 /* libz.tbd */ = {isa = PBXFileReference; lastKnownFileType = "sourcecode.text-based-dylib-definition"; name = libz.tbd; path = usr/lib/libz.tbd; sourceTree = SDKROOT; };
		525C848648F136908A6200ED /* Pods_thatDay.framework */ = {isa = PBXFileReference; explicitFileType = wrapper.framework; includeInIndex = 0; path = Pods_thatDay.framework; sourceTree = BUILT_PRODUCTS_DIR; };
		91182E481D153162001B46B8 /* ZDNetworking+weibo.swift */ = {isa = PBXFileReference; fileEncoding = 4; lastKnownFileType = sourcecode.swift; path = "ZDNetworking+weibo.swift"; sourceTree = "<group>"; };
		91182E4A1D1542E2001B46B8 /* userAccount.swift */ = {isa = PBXFileReference; fileEncoding = 4; lastKnownFileType = sourcecode.swift; path = userAccount.swift; sourceTree = "<group>"; };
		91182E4C1D1596CE001B46B8 /* LoginView.swift */ = {isa = PBXFileReference; fileEncoding = 4; lastKnownFileType = sourcecode.swift; path = LoginView.swift; sourceTree = "<group>"; };
		918774071D179717009C1445 /* icon.png */ = {isa = PBXFileReference; lastKnownFileType = image.png; path = icon.png; sourceTree = "<group>"; };
		919616B91D0D67B20074E419 /* ZDLoginViewController.swift */ = {isa = PBXFileReference; fileEncoding = 4; lastKnownFileType = sourcecode.swift; path = ZDLoginViewController.swift; sourceTree = "<group>"; };
		919616BC1D0D6D7A0074E419 /* UILabel+Extension.swift */ = {isa = PBXFileReference; fileEncoding = 4; lastKnownFileType = sourcecode.swift; path = "UILabel+Extension.swift"; sourceTree = "<group>"; };
		919616BE1D0D7EFB0074E419 /* UITextField+Extension.swift */ = {isa = PBXFileReference; fileEncoding = 4; lastKnownFileType = sourcecode.swift; path = "UITextField+Extension.swift"; sourceTree = "<group>"; };
		91A6584A1D09071400FBE179 /* ZDAVSCloudManager.swift */ = {isa = PBXFileReference; fileEncoding = 4; lastKnownFileType = sourcecode.swift; path = ZDAVSCloudManager.swift; sourceTree = "<group>"; };
		91A6584C1D09195100FBE179 /* ZDEventModel+CoreDataProperties.swift */ = {isa = PBXFileReference; fileEncoding = 4; lastKnownFileType = sourcecode.swift; path = "ZDEventModel+CoreDataProperties.swift"; sourceTree = "<group>"; };
		91A6584D1D09195100FBE179 /* ZDEventModel.swift */ = {isa = PBXFileReference; fileEncoding = 4; lastKnownFileType = sourcecode.swift; path = ZDEventModel.swift; sourceTree = "<group>"; };
		91A658501D092DC700FBE179 /* ZDNetworking.swift */ = {isa = PBXFileReference; fileEncoding = 4; lastKnownFileType = sourcecode.swift; path = ZDNetworking.swift; sourceTree = "<group>"; };
		91A865981D042E6A00660CAC /* ddViewController.h */ = {isa = PBXFileReference; fileEncoding = 4; lastKnownFileType = sourcecode.c.h; path = ddViewController.h; sourceTree = "<group>"; };
		91A865991D042E6A00660CAC /* ddViewController.m */ = {isa = PBXFileReference; fileEncoding = 4; lastKnownFileType = sourcecode.c.objc; path = ddViewController.m; sourceTree = "<group>"; };
		9E3E621D85AAA8247569451C /* Pods-thatDay.debug.xcconfig */ = {isa = PBXFileReference; includeInIndex = 1; lastKnownFileType = text.xcconfig; name = "Pods-thatDay.debug.xcconfig"; path = "Pods/Target Support Files/Pods-thatDay/Pods-thatDay.debug.xcconfig"; sourceTree = "<group>"; };
		CF235FDC91971B1B35767EC6 /* Pods-thatDay.release.xcconfig */ = {isa = PBXFileReference; includeInIndex = 1; lastKnownFileType = text.xcconfig; name = "Pods-thatDay.release.xcconfig"; path = "Pods/Target Support Files/Pods-thatDay/Pods-thatDay.release.xcconfig"; sourceTree = "<group>"; };
/* End PBXFileReference section */

/* Begin PBXFrameworksBuildPhase section */
		3AF9E7131CCDBC4F0099F5C2 /* Frameworks */ = {
			isa = PBXFrameworksBuildPhase;
			buildActionMask = 2147483647;
			files = (
				3AFBD9DA1CDB753B0006F941 /* libz.tbd in Frameworks */,
				3AFBD9D81CDB75300006F941 /* libstdc++.tbd in Frameworks */,
				3AFBD9D61CDB75250006F941 /* CoreTelephony.framework in Frameworks */,
				3AFBD9D41CDB751A0006F941 /* libsqlite3.tbd in Frameworks */,
				3AFBD9D21CDB75090006F941 /* CoreGraphics.framework in Frameworks */,
				3AFBD9D01CDB74FF0006F941 /* SystemConfiguration.framework in Frameworks */,
				3AFBD9CE1CDB74F50006F941 /* libiconv.tbd in Frameworks */,
				3AFBD9CC1CDB74E80006F941 /* Security.framework in Frameworks */,
				31B8E3279AC5A7274B44CF4A /* Pods_thatDay.framework in Frameworks */,
			);
			runOnlyForDeploymentPostprocessing = 0;
		};
/* End PBXFrameworksBuildPhase section */

/* Begin PBXGroup section */
		2AD41752B621D91FC1139BE4 /* Frameworks */ = {
			isa = PBXGroup;
			children = (
				3AFBD9D91CDB753B0006F941 /* libz.tbd */,
				3AFBD9D71CDB75300006F941 /* libstdc++.tbd */,
				3AFBD9D51CDB75250006F941 /* CoreTelephony.framework */,
				3AFBD9D31CDB751A0006F941 /* libsqlite3.tbd */,
				3AFBD9D11CDB75090006F941 /* CoreGraphics.framework */,
				3AFBD9CF1CDB74FF0006F941 /* SystemConfiguration.framework */,
				3AFBD9CD1CDB74F50006F941 /* libiconv.tbd */,
				3AFBD9CB1CDB74E80006F941 /* Security.framework */,
				525C848648F136908A6200ED /* Pods_thatDay.framework */,
			);
			name = Frameworks;
			sourceTree = "<group>";
		};
		3A8C831A1CE2E32200521EC1 /* Tools */ = {
			isa = PBXGroup;
			children = (
				3A03A5471CE329D9003083B1 /* ZDCoreDataManager+Extension.swift */,
				3A8C830E1CE2DA0300521EC1 /* ZDCoreDataManager.swift */,
				3A8C83101CE2DA7000521EC1 /* coredata.xcdatamodeld */,
				91A6584A1D09071400FBE179 /* ZDAVSCloudManager.swift */,
				91A658501D092DC700FBE179 /* ZDNetworking.swift */,
				91182E481D153162001B46B8 /* ZDNetworking+weibo.swift */,
				919616BC1D0D6D7A0074E419 /* UILabel+Extension.swift */,
				919616BE1D0D7EFB0074E419 /* UITextField+Extension.swift */,
			);
			name = Tools;
			sourceTree = "<group>";
		};
		3A8C831B1CE2E34000521EC1 /* Model */ = {
			isa = PBXGroup;
			children = (
				91A6584C1D09195100FBE179 /* ZDEventModel+CoreDataProperties.swift */,
				91A6584D1D09195100FBE179 /* ZDEventModel.swift */,
				91182E4A1D1542E2001B46B8 /* userAccount.swift */,
				3AF8BA051CEEA24E005CED3D /* coreData */,
			);
			name = Model;
			sourceTree = "<group>";
		};
		3A8C831C1CE2E38500521EC1 /* view */ = {
			isa = PBXGroup;
			children = (
				3AF9E72B1CCDBF6C0099F5C2 /* home */,
				3AF9E72C1CCDBF7D0099F5C2 /* profile */,
				919616BB1D0D67C70074E419 /* login */,
			);
			name = view;
			sourceTree = "<group>";
		};
		3A8C831D1CE2EBD600521EC1 /* viewModel */ = {
			isa = PBXGroup;
			children = (
				3A8C831E1CE2ECAE00521EC1 /* EventViewModel.swift */,
			);
			name = viewModel;
			sourceTree = "<group>";
		};
		3AF8BA051CEEA24E005CED3D /* coreData */ = {
			isa = PBXGroup;
			children = (
			);
			path = coreData;
			sourceTree = "<group>";
		};
		3AF9E70D1CCDBC4F0099F5C2 = {
			isa = PBXGroup;
			children = (
				3AF9E7181CCDBC4F0099F5C2 /* thatDay */,
				3AF9E7171CCDBC4F0099F5C2 /* Products */,
				2AD41752B621D91FC1139BE4 /* Frameworks */,
				D8F9481879E11D07556BF59D /* Pods */,
			);
			sourceTree = "<group>";
		};
		3AF9E7171CCDBC4F0099F5C2 /* Products */ = {
			isa = PBXGroup;
			children = (
				3AF9E7161CCDBC4F0099F5C2 /* thatDay.app */,
			);
			name = Products;
			sourceTree = "<group>";
		};
		3AF9E7181CCDBC4F0099F5C2 /* thatDay */ = {
			isa = PBXGroup;
			children = (
				3A8C831C1CE2E38500521EC1 /* view */,
				3A8C831D1CE2EBD600521EC1 /* viewModel */,
				3A8C831B1CE2E34000521EC1 /* Model */,
				3A8C831A1CE2E32200521EC1 /* Tools */,
				3AF9E71D1CCDBC4F0099F5C2 /* Main.storyboard */,
				3AF9E7201CCDBC4F0099F5C2 /* Assets.xcassets */,
				3AF9E7221CCDBC4F0099F5C2 /* LaunchScreen.storyboard */,
				918774071D179717009C1445 /* icon.png */,
				3AF9E7251CCDBC4F0099F5C2 /* Info.plist */,
				3A024C3C1CDA31C1003BF88D /* thatDay-Bridging-Header.h */,
				91A865981D042E6A00660CAC /* ddViewController.h */,
				91A865991D042E6A00660CAC /* ddViewController.m */,
				3AF9E7191CCDBC4F0099F5C2 /* AppDelegate.swift */,
				3AF9E71B1CCDBC4F0099F5C2 /* ViewController.swift */,
			);
			path = thatDay;
			sourceTree = "<group>";
		};
		3AF9E72B1CCDBF6C0099F5C2 /* home */ = {
			isa = PBXGroup;
			children = (
				3AF9E72D1CCDBFC50099F5C2 /* ZDTabbarController.swift */,
				3AF9E72F1CCDBFE40099F5C2 /* HomeViewController.swift */,
				3A03A5491CE33770003083B1 /* Person.swift */,
				3A95D4AF1CD24F860033B62C /* TestViewController.swift */,
				3A332EEF1CCDC30A00B60F25 /* Home.Storyboard */,
				3A332EF11CCDCBAC00B60F25 /* ZDTableViewCell.swift */,
				3A01E7D11CCF8F490012A656 /* NewEventViewController.swift */,
			);
			name = home;
			path = classes/home;
			sourceTree = "<group>";
		};
		3AF9E72C1CCDBF7D0099F5C2 /* profile */ = {
			isa = PBXGroup;
			children = (
				3AF9E7311CCDBFFC0099F5C2 /* ProfileViewController.swift */,
			);
			name = profile;
			path = classes/home/profile;
			sourceTree = "<group>";
		};
		919616BB1D0D67C70074E419 /* login */ = {
			isa = PBXGroup;
			children = (
				919616B91D0D67B20074E419 /* ZDLoginViewController.swift */,
				91182E4C1D1596CE001B46B8 /* LoginView.swift */,
			);
			name = login;
			sourceTree = "<group>";
		};
		D8F9481879E11D07556BF59D /* Pods */ = {
			isa = PBXGroup;
			children = (
				9E3E621D85AAA8247569451C /* Pods-thatDay.debug.xcconfig */,
				CF235FDC91971B1B35767EC6 /* Pods-thatDay.release.xcconfig */,
			);
			name = Pods;
			sourceTree = "<group>";
		};
/* End PBXGroup section */

/* Begin PBXNativeTarget section */
		3AF9E7151CCDBC4F0099F5C2 /* thatDay */ = {
			isa = PBXNativeTarget;
			buildConfigurationList = 3AF9E7281CCDBC4F0099F5C2 /* Build configuration list for PBXNativeTarget "thatDay" */;
			buildPhases = (
				6C92129C4D8440DCCA94119F /* 📦 Check Pods Manifest.lock */,
				3AF9E7121CCDBC4F0099F5C2 /* Sources */,
				3AF9E7131CCDBC4F0099F5C2 /* Frameworks */,
				3AF9E7141CCDBC4F0099F5C2 /* Resources */,
				44F42777C6848A5661611227 /* 📦 Embed Pods Frameworks */,
				9B50A2EAC95283CB4BF7EFEB /* 📦 Copy Pods Resources */,
			);
			buildRules = (
			);
			dependencies = (
			);
			name = thatDay;
			productName = thatDay;
			productReference = 3AF9E7161CCDBC4F0099F5C2 /* thatDay.app */;
			productType = "com.apple.product-type.application";
		};
/* End PBXNativeTarget section */

/* Begin PBXProject section */
		3AF9E70E1CCDBC4F0099F5C2 /* Project object */ = {
			isa = PBXProject;
			attributes = {
				LastSwiftUpdateCheck = 0720;
				LastUpgradeCheck = 0720;
				ORGANIZATIONNAME = me;
				TargetAttributes = {
					3AF9E7151CCDBC4F0099F5C2 = {
						CreatedOnToolsVersion = 7.2.1;
						DevelopmentTeam = HS3FF3E6QY;
					};
				};
			};
			buildConfigurationList = 3AF9E7111CCDBC4F0099F5C2 /* Build configuration list for PBXProject "thatDay" */;
			compatibilityVersion = "Xcode 3.2";
			developmentRegion = English;
			hasScannedForEncodings = 0;
			knownRegions = (
				en,
				Base,
			);
			mainGroup = 3AF9E70D1CCDBC4F0099F5C2;
			productRefGroup = 3AF9E7171CCDBC4F0099F5C2 /* Products */;
			projectDirPath = "";
			projectRoot = "";
			targets = (
				3AF9E7151CCDBC4F0099F5C2 /* thatDay */,
			);
		};
/* End PBXProject section */

/* Begin PBXResourcesBuildPhase section */
		3AF9E7141CCDBC4F0099F5C2 /* Resources */ = {
			isa = PBXResourcesBuildPhase;
			buildActionMask = 2147483647;
			files = (
				3AF9E7241CCDBC4F0099F5C2 /* LaunchScreen.storyboard in Resources */,
				918774081D179717009C1445 /* icon.png in Resources */,
				3AF9E7211CCDBC4F0099F5C2 /* Assets.xcassets in Resources */,
				3AF9E71F1CCDBC4F0099F5C2 /* Main.storyboard in Resources */,
				3A332EF01CCDC30A00B60F25 /* Home.Storyboard in Resources */,
			);
			runOnlyForDeploymentPostprocessing = 0;
		};
/* End PBXResourcesBuildPhase section */

/* Begin PBXShellScriptBuildPhase section */
		44F42777C6848A5661611227 /* 📦 Embed Pods Frameworks */ = {
			isa = PBXShellScriptBuildPhase;
			buildActionMask = 2147483647;
			files = (
			);
			inputPaths = (
			);
			name = "📦 Embed Pods Frameworks";
			outputPaths = (
			);
			runOnlyForDeploymentPostprocessing = 0;
			shellPath = /bin/sh;
			shellScript = "\"${SRCROOT}/Pods/Target Support Files/Pods-thatDay/Pods-thatDay-frameworks.sh\"\n";
			showEnvVarsInLog = 0;
		};
		6C92129C4D8440DCCA94119F /* 📦 Check Pods Manifest.lock */ = {
			isa = PBXShellScriptBuildPhase;
			buildActionMask = 2147483647;
			files = (
			);
			inputPaths = (
			);
			name = "📦 Check Pods Manifest.lock";
			outputPaths = (
			);
			runOnlyForDeploymentPostprocessing = 0;
			shellPath = /bin/sh;
			shellScript = "diff \"${PODS_ROOT}/../Podfile.lock\" \"${PODS_ROOT}/Manifest.lock\" > /dev/null\nif [[ $? != 0 ]] ; then\n    cat << EOM\nerror: The sandbox is not in sync with the Podfile.lock. Run 'pod install' or update your CocoaPods installation.\nEOM\n    exit 1\nfi\n";
			showEnvVarsInLog = 0;
		};
		9B50A2EAC95283CB4BF7EFEB /* 📦 Copy Pods Resources */ = {
			isa = PBXShellScriptBuildPhase;
			buildActionMask = 2147483647;
			files = (
			);
			inputPaths = (
			);
			name = "📦 Copy Pods Resources";
			outputPaths = (
			);
			runOnlyForDeploymentPostprocessing = 0;
			shellPath = /bin/sh;
			shellScript = "\"${SRCROOT}/Pods/Target Support Files/Pods-thatDay/Pods-thatDay-resources.sh\"\n";
			showEnvVarsInLog = 0;
		};
/* End PBXShellScriptBuildPhase section */

/* Begin PBXSourcesBuildPhase section */
		3AF9E7121CCDBC4F0099F5C2 /* Sources */ = {
			isa = PBXSourcesBuildPhase;
			buildActionMask = 2147483647;
			files = (
				91182E4B1D1542E2001B46B8 /* userAccount.swift in Sources */,
				3A03A54A1CE33770003083B1 /* Person.swift in Sources */,
				91A6584F1D09195100FBE179 /* ZDEventModel.swift in Sources */,
				3A8C83121CE2DA7000521EC1 /* coredata.xcdatamodeld in Sources */,
				3AF9E71C1CCDBC4F0099F5C2 /* ViewController.swift in Sources */,
				91A6584B1D09071400FBE179 /* ZDAVSCloudManager.swift in Sources */,
				91182E4D1D1596CE001B46B8 /* LoginView.swift in Sources */,
				91A658511D092DC700FBE179 /* ZDNetworking.swift in Sources */,
				3A03A5481CE329D9003083B1 /* ZDCoreDataManager+Extension.swift in Sources */,
				91A8659A1D042E6A00660CAC /* ddViewController.m in Sources */,
				3A01E7D21CCF8F490012A656 /* NewEventViewController.swift in Sources */,
				919616BF1D0D7EFB0074E419 /* UITextField+Extension.swift in Sources */,
				3A332EF21CCDCBAC00B60F25 /* ZDTableViewCell.swift in Sources */,
				3A8C830F1CE2DA0300521EC1 /* ZDCoreDataManager.swift in Sources */,
				3AF9E71A1CCDBC4F0099F5C2 /* AppDelegate.swift in Sources */,
				919616BD1D0D6D7A0074E419 /* UILabel+Extension.swift in Sources */,
				3AF9E7321CCDBFFC0099F5C2 /* ProfileViewController.swift in Sources */,
				91182E491D153162001B46B8 /* ZDNetworking+weibo.swift in Sources */,
				919616BA1D0D67B20074E419 /* ZDLoginViewController.swift in Sources */,
				3AF9E72E1CCDBFC50099F5C2 /* ZDTabbarController.swift in Sources */,
				91A6584E1D09195100FBE179 /* ZDEventModel+CoreDataProperties.swift in Sources */,
				3A8C831F1CE2ECAE00521EC1 /* EventViewModel.swift in Sources */,
				3A95D4B01CD24F860033B62C /* TestViewController.swift in Sources */,
				3AF9E7301CCDBFE40099F5C2 /* HomeViewController.swift in Sources */,
			);
			runOnlyForDeploymentPostprocessing = 0;
		};
/* End PBXSourcesBuildPhase section */

/* Begin PBXVariantGroup section */
		3AF9E71D1CCDBC4F0099F5C2 /* Main.storyboard */ = {
			isa = PBXVariantGroup;
			children = (
				3AF9E71E1CCDBC4F0099F5C2 /* Base */,
			);
			name = Main.storyboard;
			sourceTree = "<group>";
		};
		3AF9E7221CCDBC4F0099F5C2 /* LaunchScreen.storyboard */ = {
			isa = PBXVariantGroup;
			children = (
				3AF9E7231CCDBC4F0099F5C2 /* Base */,
			);
			name = LaunchScreen.storyboard;
			sourceTree = "<group>";
		};
/* End PBXVariantGroup section */

/* Begin XCBuildConfiguration section */
		3AF9E7261CCDBC4F0099F5C2 /* Debug */ = {
			isa = XCBuildConfiguration;
			buildSettings = {
				ALWAYS_SEARCH_USER_PATHS = NO;
				CLANG_CXX_LANGUAGE_STANDARD = "gnu++0x";
				CLANG_CXX_LIBRARY = "libc++";
				CLANG_ENABLE_MODULES = YES;
				CLANG_ENABLE_OBJC_ARC = YES;
				CLANG_WARN_BOOL_CONVERSION = YES;
				CLANG_WARN_CONSTANT_CONVERSION = YES;
				CLANG_WARN_DIRECT_OBJC_ISA_USAGE = YES_ERROR;
				CLANG_WARN_EMPTY_BODY = YES;
				CLANG_WARN_ENUM_CONVERSION = YES;
				CLANG_WARN_INT_CONVERSION = YES;
				CLANG_WARN_OBJC_ROOT_CLASS = YES_ERROR;
				CLANG_WARN_UNREACHABLE_CODE = YES;
				CLANG_WARN__DUPLICATE_METHOD_MATCH = YES;
				"CODE_SIGN_IDENTITY[sdk=iphoneos*]" = "iPhone Developer";
				COPY_PHASE_STRIP = NO;
				DEBUG_INFORMATION_FORMAT = dwarf;
				ENABLE_STRICT_OBJC_MSGSEND = YES;
				ENABLE_TESTABILITY = YES;
				GCC_C_LANGUAGE_STANDARD = gnu99;
				GCC_DYNAMIC_NO_PIC = NO;
				GCC_NO_COMMON_BLOCKS = YES;
				GCC_OPTIMIZATION_LEVEL = 0;
				GCC_PREPROCESSOR_DEFINITIONS = (
					"DEBUG=1",
					"$(inherited)",
				);
				GCC_WARN_64_TO_32_BIT_CONVERSION = YES;
				GCC_WARN_ABOUT_RETURN_TYPE = YES_ERROR;
				GCC_WARN_UNDECLARED_SELECTOR = YES;
				GCC_WARN_UNINITIALIZED_AUTOS = YES_AGGRESSIVE;
				GCC_WARN_UNUSED_FUNCTION = YES;
				GCC_WARN_UNUSED_VARIABLE = YES;
				IPHONEOS_DEPLOYMENT_TARGET = 9.2;
				MTL_ENABLE_DEBUG_INFO = YES;
				ONLY_ACTIVE_ARCH = YES;
				SDKROOT = iphoneos;
				SWIFT_OPTIMIZATION_LEVEL = "-Onone";
				TARGETED_DEVICE_FAMILY = "1,2";
			};
			name = Debug;
		};
		3AF9E7271CCDBC4F0099F5C2 /* Release */ = {
			isa = XCBuildConfiguration;
			buildSettings = {
				ALWAYS_SEARCH_USER_PATHS = NO;
				CLANG_CXX_LANGUAGE_STANDARD = "gnu++0x";
				CLANG_CXX_LIBRARY = "libc++";
				CLANG_ENABLE_MODULES = YES;
				CLANG_ENABLE_OBJC_ARC = YES;
				CLANG_WARN_BOOL_CONVERSION = YES;
				CLANG_WARN_CONSTANT_CONVERSION = YES;
				CLANG_WARN_DIRECT_OBJC_ISA_USAGE = YES_ERROR;
				CLANG_WARN_EMPTY_BODY = YES;
				CLANG_WARN_ENUM_CONVERSION = YES;
				CLANG_WARN_INT_CONVERSION = YES;
				CLANG_WARN_OBJC_ROOT_CLASS = YES_ERROR;
				CLANG_WARN_UNREACHABLE_CODE = YES;
				CLANG_WARN__DUPLICATE_METHOD_MATCH = YES;
				"CODE_SIGN_IDENTITY[sdk=iphoneos*]" = "iPhone Developer";
				COPY_PHASE_STRIP = NO;
				DEBUG_INFORMATION_FORMAT = "dwarf-with-dsym";
				ENABLE_NS_ASSERTIONS = NO;
				ENABLE_STRICT_OBJC_MSGSEND = YES;
				GCC_C_LANGUAGE_STANDARD = gnu99;
				GCC_NO_COMMON_BLOCKS = YES;
				GCC_WARN_64_TO_32_BIT_CONVERSION = YES;
				GCC_WARN_ABOUT_RETURN_TYPE = YES_ERROR;
				GCC_WARN_UNDECLARED_SELECTOR = YES;
				GCC_WARN_UNINITIALIZED_AUTOS = YES_AGGRESSIVE;
				GCC_WARN_UNUSED_FUNCTION = YES;
				GCC_WARN_UNUSED_VARIABLE = YES;
				IPHONEOS_DEPLOYMENT_TARGET = 9.2;
				MTL_ENABLE_DEBUG_INFO = NO;
				SDKROOT = iphoneos;
				TARGETED_DEVICE_FAMILY = "1,2";
				VALIDATE_PRODUCT = YES;
			};
			name = Release;
		};
		3AF9E7291CCDBC4F0099F5C2 /* Debug */ = {
			isa = XCBuildConfiguration;
			baseConfigurationReference = 9E3E621D85AAA8247569451C /* Pods-thatDay.debug.xcconfig */;
			buildSettings = {
				ASSETCATALOG_COMPILER_APPICON_NAME = AppIcon;
				CLANG_ENABLE_MODULES = YES;
				CODE_SIGN_IDENTITY = "iPhone Developer";
				"CODE_SIGN_IDENTITY[sdk=iphoneos*]" = "iPhone Developer";
				ENABLE_BITCODE = NO;
				INFOPLIST_FILE = thatDay/Info.plist;
				IPHONEOS_DEPLOYMENT_TARGET = 9.0;
				LD_RUNPATH_SEARCH_PATHS = "$(inherited) @executable_path/Frameworks";
				OTHER_LDFLAGS = (
					"$(inherited)",
					"-l\"APOpenSdk\"",
					"-l\"LWApiSDK\"",
					"-l\"SocialAlipayShare\"",
					"-l\"SocialFacebook\"",
					"-l\"SocialInstagram\"",
					"-l\"SocialLaiWang\"",
					"-l\"SocialLine\"",
					"-l\"SocialQQ\"",
					"-l\"SocialSinaSSO\"",
					"-l\"SocialTumblr\"",
					"-l\"SocialTwitter\"",
					"-l\"SocialWechat\"",
					"-l\"SocialWhatsapp\"",
					"-l\"UMSocial_Sdk_5.0\"",
					"-l\"UMSocial_Sdk_Comment_5.0\"",
					"-l\"WeChatSDK\"",
					"-l\"WeiboSDK\"",
					"-l\"iconv\"",
					"-l\"sqlite3\"",
					"-l\"stdc++\"",
					"-l\"z\"",
					"-framework",
					"\"Accounts\"",
					"-framework",
					"\"CoreData\"",
					"-framework",
					"\"CoreGraphics\"",
					"-framework",
					"\"CoreTelephony\"",
					"-framework",
					"\"FBSDKCoreKit\"",
					"-framework",
					"\"FBSDKLoginKit\"",
					"-framework",
					"\"FBSDKShareKit\"",
					"-framework",
					"\"Fabric\"",
					"-framework",
					"\"ImageIO\"",
					"-framework",
					"\"MobileCoreServices\"",
					"-framework",
					"\"Social\"",
					"-framework",
					"\"SystemConfiguration\"",
					"-framework",
					"\"TencentOpenAPI\"",
					"-framework",
					"\"TwitterCore\"",
					"-framework",
					"\"TwitterKit\"",
					"-ObjC",
				);
				PRODUCT_BUNDLE_IDENTIFIER = cool.thatDay;
				PRODUCT_NAME = "$(TARGET_NAME)";
				PROVISIONING_PROFILE = "";
				SWIFT_OBJC_BRIDGING_HEADER = "thatDay/thatDay-Bridging-Header.h";
				SWIFT_OPTIMIZATION_LEVEL = "-Onone";
			};
			name = Debug;
		};
		3AF9E72A1CCDBC4F0099F5C2 /* Release */ = {
			isa = XCBuildConfiguration;
			baseConfigurationReference = CF235FDC91971B1B35767EC6 /* Pods-thatDay.release.xcconfig */;
			buildSettings = {
				ASSETCATALOG_COMPILER_APPICON_NAME = AppIcon;
				CLANG_ENABLE_MODULES = YES;
				CODE_SIGN_IDENTITY = "iPhone Developer";
				"CODE_SIGN_IDENTITY[sdk=iphoneos*]" = "iPhone Developer";
				ENABLE_BITCODE = NO;
				INFOPLIST_FILE = thatDay/Info.plist;
				IPHONEOS_DEPLOYMENT_TARGET = 9.0;
				LD_RUNPATH_SEARCH_PATHS = "$(inherited) @executable_path/Frameworks";
				OTHER_LDFLAGS = (
					"$(inherited)",
					"-l\"APOpenSdk\"",
					"-l\"LWApiSDK\"",
					"-l\"SocialAlipayShare\"",
					"-l\"SocialFacebook\"",
					"-l\"SocialInstagram\"",
					"-l\"SocialLaiWang\"",
					"-l\"SocialLine\"",
					"-l\"SocialQQ\"",
					"-l\"SocialSinaSSO\"",
					"-l\"SocialTumblr\"",
					"-l\"SocialTwitter\"",
					"-l\"SocialWechat\"",
					"-l\"SocialWhatsapp\"",
					"-l\"UMSocial_Sdk_5.0\"",
					"-l\"UMSocial_Sdk_Comment_5.0\"",
					"-l\"WeChatSDK\"",
					"-l\"WeiboSDK\"",
					"-l\"iconv\"",
					"-l\"sqlite3\"",
					"-l\"stdc++\"",
					"-l\"z\"",
					"-framework",
					"\"Accounts\"",
					"-framework",
					"\"CoreData\"",
					"-framework",
					"\"CoreGraphics\"",
					"-framework",
					"\"CoreTelephony\"",
					"-framework",
					"\"FBSDKCoreKit\"",
					"-framework",
					"\"FBSDKLoginKit\"",
					"-framework",
					"\"FBSDKShareKit\"",
					"-framework",
					"\"Fabric\"",
					"-framework",
					"\"ImageIO\"",
					"-framework",
					"\"MobileCoreServices\"",
					"-framework",
					"\"Social\"",
					"-framework",
					"\"SystemConfiguration\"",
					"-framework",
					"\"TencentOpenAPI\"",
					"-framework",
					"\"TwitterCore\"",
					"-framework",
					"\"TwitterKit\"",
					"-ObjC",
				);
				PRODUCT_BUNDLE_IDENTIFIER = cool.thatDay;
				PRODUCT_NAME = "$(TARGET_NAME)";
				PROVISIONING_PROFILE = "";
				SWIFT_OBJC_BRIDGING_HEADER = "thatDay/thatDay-Bridging-Header.h";
			};
			name = Release;
		};
/* End XCBuildConfiguration section */

/* Begin XCConfigurationList section */
		3AF9E7111CCDBC4F0099F5C2 /* Build configuration list for PBXProject "thatDay" */ = {
			isa = XCConfigurationList;
			buildConfigurations = (
				3AF9E7261CCDBC4F0099F5C2 /* Debug */,
				3AF9E7271CCDBC4F0099F5C2 /* Release */,
			);
			defaultConfigurationIsVisible = 0;
			defaultConfigurationName = Release;
		};
		3AF9E7281CCDBC4F0099F5C2 /* Build configuration list for PBXNativeTarget "thatDay" */ = {
			isa = XCConfigurationList;
			buildConfigurations = (
				3AF9E7291CCDBC4F0099F5C2 /* Debug */,
				3AF9E72A1CCDBC4F0099F5C2 /* Release */,
			);
			defaultConfigurationIsVisible = 0;
			defaultConfigurationName = Release;
		};
/* End XCConfigurationList section */

/* Begin XCVersionGroup section */
		3A8C83101CE2DA7000521EC1 /* coredata.xcdatamodeld */ = {
			isa = XCVersionGroup;
			children = (
				3A8C83111CE2DA7000521EC1 /* coredata.xcdatamodel */,
			);
			currentVersion = 3A8C83111CE2DA7000521EC1 /* coredata.xcdatamodel */;
			path = coredata.xcdatamodeld;
			sourceTree = "<group>";
			versionGroupType = wrapper.xcdatamodel;
		};
/* End XCVersionGroup section */
	};
	rootObject = 3AF9E70E1CCDBC4F0099F5C2 /* Project object */;
}
